// !$*UTF8*$!
{
	archiveVersion = 1;
	classes = {
	};
	objectVersion = 50;
	objects = {

/* Begin PBXBuildFile section */
		3E818E2F2091D27300AFDC8E /* AppDelegate.m in Sources */ = {isa = PBXBuildFile; fileRef = 3E818E2E2091D27300AFDC8E /* AppDelegate.m */; };
		3E818E322091D27300AFDC8E /* ViewController.m in Sources */ = {isa = PBXBuildFile; fileRef = 3E818E312091D27300AFDC8E /* ViewController.m */; };
		3E818E352091D27300AFDC8E /* Main.storyboard in Resources */ = {isa = PBXBuildFile; fileRef = 3E818E332091D27300AFDC8E /* Main.storyboard */; };
		3E818E372091D27600AFDC8E /* Assets.xcassets in Resources */ = {isa = PBXBuildFile; fileRef = 3E818E362091D27600AFDC8E /* Assets.xcassets */; };
		3E818E3A2091D27600AFDC8E /* LaunchScreen.storyboard in Resources */ = {isa = PBXBuildFile; fileRef = 3E818E382091D27600AFDC8E /* LaunchScreen.storyboard */; };
		3E818E3D2091D27600AFDC8E /* main.m in Sources */ = {isa = PBXBuildFile; fileRef = 3E818E3C2091D27600AFDC8E /* main.m */; };
		3E818E472091D27600AFDC8E /* CGYJSBridgeDemoTests.m in Sources */ = {isa = PBXBuildFile; fileRef = 3E818E462091D27600AFDC8E /* CGYJSBridgeDemoTests.m */; };
		3E818E522091D27600AFDC8E /* CGYJSBridgeDemoUITests.m in Sources */ = {isa = PBXBuildFile; fileRef = 3E818E512091D27600AFDC8E /* CGYJSBridgeDemoUITests.m */; };
/* End PBXBuildFile section */

/* Begin PBXContainerItemProxy section */
		3E818E432091D27600AFDC8E /* PBXContainerItemProxy */ = {
			isa = PBXContainerItemProxy;
			containerPortal = 3E818E222091D27300AFDC8E /* Project object */;
			proxyType = 1;
			remoteGlobalIDString = 3E818E292091D27300AFDC8E;
			remoteInfo = CGYJSBridgeDemo;
		};
		3E818E4E2091D27600AFDC8E /* PBXContainerItemProxy */ = {
			isa = PBXContainerItemProxy;
			containerPortal = 3E818E222091D27300AFDC8E /* Project object */;
			proxyType = 1;
			remoteGlobalIDString = 3E818E292091D27300AFDC8E;
			remoteInfo = CGYJSBridgeDemo;
		};
/* End PBXContainerItemProxy section */

/* Begin PBXFileReference section */
		3E818E2A2091D27300AFDC8E /* CGYJSBridgeDemo.app */ = {isa = PBXFileReference; explicitFileType = wrapper.application; includeInIndex = 0; path = CGYJSBridgeDemo.app; sourceTree = BUILT_PRODUCTS_DIR; };
		3E818E2D2091D27300AFDC8E /* AppDelegate.h */ = {isa = PBXFileReference; lastKnownFileType = sourcecode.c.h; path = AppDelegate.h; sourceTree = "<group>"; };
		3E818E2E2091D27300AFDC8E /* AppDelegate.m */ = {isa = PBXFileReference; lastKnownFileType = sourcecode.c.objc; path = AppDelegate.m; sourceTree = "<group>"; };
		3E818E302091D27300AFDC8E /* ViewController.h */ = {isa = PBXFileReference; lastKnownFileType = sourcecode.c.h; path = ViewController.h; sourceTree = "<group>"; };
		3E818E312091D27300AFDC8E /* ViewController.m */ = {isa = PBXFileReference; lastKnownFileType = sourcecode.c.objc; path = ViewController.m; sourceTree = "<group>"; };
		3E818E342091D27300AFDC8E /* Base */ = {isa = PBXFileReference; lastKnownFileType = file.storyboard; name = Base; path = Base.lproj/Main.storyboard; sourceTree = "<group>"; };
		3E818E362091D27600AFDC8E /* Assets.xcassets */ = {isa = PBXFileReference; lastKnownFileType = folder.assetcatalog; path = Assets.xcassets; sourceTree = "<group>"; };
		3E818E392091D27600AFDC8E /* Base */ = {isa = PBXFileReference; lastKnownFileType = file.storyboard; name = Base; path = Base.lproj/LaunchScreen.storyboard; sourceTree = "<group>"; };
		3E818E3B2091D27600AFDC8E /* Info.plist */ = {isa = PBXFileReference; lastKnownFileType = text.plist.xml; path = Info.plist; sourceTree = "<group>"; };
		3E818E3C2091D27600AFDC8E /* main.m */ = {isa = PBXFileReference; lastKnownFileType = sourcecode.c.objc; path = main.m; sourceTree = "<group>"; };
		3E818E422091D27600AFDC8E /* CGYJSBridgeDemoTests.xctest */ = {isa = PBXFileReference; explicitFileType = wrapper.cfbundle; includeInIndex = 0; path = CGYJSBridgeDemoTests.xctest; sourceTree = BUILT_PRODUCTS_DIR; };
		3E818E462091D27600AFDC8E /* CGYJSBridgeDemoTests.m */ = {isa = PBXFileReference; lastKnownFileType = sourcecode.c.objc; path = CGYJSBridgeDemoTests.m; sourceTree = "<group>"; };
		3E818E482091D27600AFDC8E /* Info.plist */ = {isa = PBXFileReference; lastKnownFileType = text.plist.xml; path = Info.plist; sourceTree = "<group>"; };
		3E818E4D2091D27600AFDC8E /* CGYJSBridgeDemoUITests.xctest */ = {isa = PBXFileReference; explicitFileType = wrapper.cfbundle; includeInIndex = 0; path = CGYJSBridgeDemoUITests.xctest; sourceTree = BUILT_PRODUCTS_DIR; };
		3E818E512091D27600AFDC8E /* CGYJSBridgeDemoUITests.m */ = {isa = PBXFileReference; lastKnownFileType = sourcecode.c.objc; path = CGYJSBridgeDemoUITests.m; sourceTree = "<group>"; };
		3E818E532091D27600AFDC8E /* Info.plist */ = {isa = PBXFileReference; lastKnownFileType = text.plist.xml; path = Info.plist; sourceTree = "<group>"; };
/* End PBXFileReference section */

/* Begin PBXFrameworksBuildPhase section */
		3E818E272091D27300AFDC8E /* Frameworks */ = {
			isa = PBXFrameworksBuildPhase;
			buildActionMask = 2147483647;
			files = (
			);
			runOnlyForDeploymentPostprocessing = 0;
		};
		3E818E3F2091D27600AFDC8E /* Frameworks */ = {
			isa = PBXFrameworksBuildPhase;
			buildActionMask = 2147483647;
			files = (
			);
			runOnlyForDeploymentPostprocessing = 0;
		};
		3E818E4A2091D27600AFDC8E /* Frameworks */ = {
			isa = PBXFrameworksBuildPhase;
			buildActionMask = 2147483647;
			files = (
			);
			runOnlyForDeploymentPostprocessing = 0;
		};
/* End PBXFrameworksBuildPhase section */

/* Begin PBXGroup section */
		3E818E212091D27300AFDC8E = {
			isa = PBXGroup;
			children = (
				3E818E2C2091D27300AFDC8E /* CGYJSBridgeDemo */,
				3E818E452091D27600AFDC8E /* CGYJSBridgeDemoTests */,
				3E818E502091D27600AFDC8E /* CGYJSBridgeDemoUITests */,
				3E818E2B2091D27300AFDC8E /* Products */,
			);
			sourceTree = "<group>";
		};
		3E818E2B2091D27300AFDC8E /* Products */ = {
			isa = PBXGroup;
			children = (
				3E818E2A2091D27300AFDC8E /* CGYJSBridgeDemo.app */,
				3E818E422091D27600AFDC8E /* CGYJSBridgeDemoTests.xctest */,
				3E818E4D2091D27600AFDC8E /* CGYJSBridgeDemoUITests.xctest */,
			);
			name = Products;
			sourceTree = "<group>";
		};
		3E818E2C2091D27300AFDC8E /* CGYJSBridgeDemo */ = {
			isa = PBXGroup;
			children = (
				3E818E2D2091D27300AFDC8E /* AppDelegate.h */,
				3E818E2E2091D27300AFDC8E /* AppDelegate.m */,
				3E818E302091D27300AFDC8E /* ViewController.h */,
				3E818E312091D27300AFDC8E /* ViewController.m */,
				3E818E332091D27300AFDC8E /* Main.storyboard */,
				3E818E362091D27600AFDC8E /* Assets.xcassets */,
				3E818E382091D27600AFDC8E /* LaunchScreen.storyboard */,
				3E818E3B2091D27600AFDC8E /* Info.plist */,
				3E818E3C2091D27600AFDC8E /* main.m */,
			);
			path = CGYJSBridgeDemo;
			sourceTree = "<group>";
		};
		3E818E452091D27600AFDC8E /* CGYJSBridgeDemoTests */ = {
			isa = PBXGroup;
			children = (
				3E818E462091D27600AFDC8E /* CGYJSBridgeDemoTests.m */,
				3E818E482091D27600AFDC8E /* Info.plist */,
			);
			path = CGYJSBridgeDemoTests;
			sourceTree = "<group>";
		};
		3E818E502091D27600AFDC8E /* CGYJSBridgeDemoUITests */ = {
			isa = PBXGroup;
			children = (
				3E818E512091D27600AFDC8E /* CGYJSBridgeDemoUITests.m */,
				3E818E532091D27600AFDC8E /* Info.plist */,
			);
			path = CGYJSBridgeDemoUITests;
			sourceTree = "<group>";
		};
/* End PBXGroup section */

/* Begin PBXNativeTarget section */
		3E818E292091D27300AFDC8E /* CGYJSBridgeDemo */ = {
			isa = PBXNativeTarget;
			buildConfigurationList = 3E818E562091D27600AFDC8E /* Build configuration list for PBXNativeTarget "CGYJSBridgeDemo" */;
			buildPhases = (
				3E818E262091D27300AFDC8E /* Sources */,
				3E818E272091D27300AFDC8E /* Frameworks */,
				3E818E282091D27300AFDC8E /* Resources */,
			);
			buildRules = (
			);
			dependencies = (
			);
			name = CGYJSBridgeDemo;
			productName = CGYJSBridgeDemo;
			productReference = 3E818E2A2091D27300AFDC8E /* CGYJSBridgeDemo.app */;
			productType = "com.apple.product-type.application";
		};
		3E818E412091D27600AFDC8E /* CGYJSBridgeDemoTests */ = {
			isa = PBXNativeTarget;
			buildConfigurationList = 3E818E592091D27600AFDC8E /* Build configuration list for PBXNativeTarget "CGYJSBridgeDemoTests" */;
			buildPhases = (
				3E818E3E2091D27600AFDC8E /* Sources */,
				3E818E3F2091D27600AFDC8E /* Frameworks */,
				3E818E402091D27600AFDC8E /* Resources */,
			);
			buildRules = (
			);
			dependencies = (
				3E818E442091D27600AFDC8E /* PBXTargetDependency */,
			);
			name = CGYJSBridgeDemoTests;
			productName = CGYJSBridgeDemoTests;
			productReference = 3E818E422091D27600AFDC8E /* CGYJSBridgeDemoTests.xctest */;
			productType = "com.apple.product-type.bundle.unit-test";
		};
		3E818E4C2091D27600AFDC8E /* CGYJSBridgeDemoUITests */ = {
			isa = PBXNativeTarget;
			buildConfigurationList = 3E818E5C2091D27600AFDC8E /* Build configuration list for PBXNativeTarget "CGYJSBridgeDemoUITests" */;
			buildPhases = (
				3E818E492091D27600AFDC8E /* Sources */,
				3E818E4A2091D27600AFDC8E /* Frameworks */,
				3E818E4B2091D27600AFDC8E /* Resources */,
			);
			buildRules = (
			);
			dependencies = (
				3E818E4F2091D27600AFDC8E /* PBXTargetDependency */,
			);
			name = CGYJSBridgeDemoUITests;
			productName = CGYJSBridgeDemoUITests;
			productReference = 3E818E4D2091D27600AFDC8E /* CGYJSBridgeDemoUITests.xctest */;
			productType = "com.apple.product-type.bundle.ui-testing";
		};
/* End PBXNativeTarget section */

/* Begin PBXProject section */
		3E818E222091D27300AFDC8E /* Project object */ = {
			isa = PBXProject;
			attributes = {
				LastUpgradeCheck = 0930;
				ORGANIZATIONNAME = gaochongyang;
				TargetAttributes = {
					3E818E292091D27300AFDC8E = {
						CreatedOnToolsVersion = 9.3;
					};
					3E818E412091D27600AFDC8E = {
						CreatedOnToolsVersion = 9.3;
						TestTargetID = 3E818E292091D27300AFDC8E;
					};
					3E818E4C2091D27600AFDC8E = {
						CreatedOnToolsVersion = 9.3;
						TestTargetID = 3E818E292091D27300AFDC8E;
					};
				};
			};
			buildConfigurationList = 3E818E252091D27300AFDC8E /* Build configuration list for PBXProject "CGYJSBridgeDemo" */;
			compatibilityVersion = "Xcode 9.3";
			developmentRegion = en;
			hasScannedForEncodings = 0;
			knownRegions = (
				en,
				Base,
			);
			mainGroup = 3E818E212091D27300AFDC8E;
			productRefGroup = 3E818E2B2091D27300AFDC8E /* Products */;
			projectDirPath = "";
			projectRoot = "";
			targets = (
				3E818E292091D27300AFDC8E /* CGYJSBridgeDemo */,
				3E818E412091D27600AFDC8E /* CGYJSBridgeDemoTests */,
				3E818E4C2091D27600AFDC8E /* CGYJSBridgeDemoUITests */,
			);
		};
/* End PBXProject section */

/* Begin PBXResourcesBuildPhase section */
		3E818E282091D27300AFDC8E /* Resources */ = {
			isa = PBXResourcesBuildPhase;
			buildActionMask = 2147483647;
			files = (
				3E818E3A2091D27600AFDC8E /* LaunchScreen.storyboard in Resources */,
				3E818E372091D27600AFDC8E /* Assets.xcassets in Resources */,
				3E818E352091D27300AFDC8E /* Main.storyboard in Resources */,
			);
			runOnlyForDeploymentPostprocessing = 0;
		};
		3E818E402091D27600AFDC8E /* Resources */ = {
			isa = PBXResourcesBuildPhase;
			buildActionMask = 2147483647;
			files = (
			);
			runOnlyForDeploymentPostprocessing = 0;
		};
		3E818E4B2091D27600AFDC8E /* Resources */ = {
			isa = PBXResourcesBuildPhase;
			buildActionMask = 2147483647;
			files = (
			);
			runOnlyForDeploymentPostprocessing = 0;
		};
/* End PBXResourcesBuildPhase section */

/* Begin PBXSourcesBuildPhase section */
		3E818E262091D27300AFDC8E /* Sources */ = {
			isa = PBXSourcesBuildPhase;
			buildActionMask = 2147483647;
			files = (
				3E818E322091D27300AFDC8E /* ViewController.m in Sources */,
				3E818E3D2091D27600AFDC8E /* main.m in Sources */,
				3E818E2F2091D27300AFDC8E /* AppDelegate.m in Sources */,
			);
			runOnlyForDeploymentPostprocessing = 0;
		};
		3E818E3E2091D27600AFDC8E /* Sources */ = {
			isa = PBXSourcesBuildPhase;
			buildActionMask = 2147483647;
			files = (
				3E818E472091D27600AFDC8E /* CGYJSBridgeDemoTests.m in Sources */,
			);
			runOnlyForDeploymentPostprocessing = 0;
		};
		3E818E492091D27600AFDC8E /* Sources */ = {
			isa = PBXSourcesBuildPhase;
			buildActionMask = 2147483647;
			files = (
				3E818E522091D27600AFDC8E /* CGYJSBridgeDemoUITests.m in Sources */,
			);
			runOnlyForDeploymentPostprocessing = 0;
		};
/* End PBXSourcesBuildPhase section */

/* Begin PBXTargetDependency section */
		3E818E442091D27600AFDC8E /* PBXTargetDependency */ = {
			isa = PBXTargetDependency;
			target = 3E818E292091D27300AFDC8E /* CGYJSBridgeDemo */;
			targetProxy = 3E818E432091D27600AFDC8E /* PBXContainerItemProxy */;
		};
		3E818E4F2091D27600AFDC8E /* PBXTargetDependency */ = {
			isa = PBXTargetDependency;
			target = 3E818E292091D27300AFDC8E /* CGYJSBridgeDemo */;
			targetProxy = 3E818E4E2091D27600AFDC8E /* PBXContainerItemProxy */;
		};
/* End PBXTargetDependency section */

/* Begin PBXVariantGroup section */
		3E818E332091D27300AFDC8E /* Main.storyboard */ = {
			isa = PBXVariantGroup;
			children = (
				3E818E342091D27300AFDC8E /* Base */,
			);
			name = Main.storyboard;
			sourceTree = "<group>";
		};
		3E818E382091D27600AFDC8E /* LaunchScreen.storyboard */ = {
			isa = PBXVariantGroup;
			children = (
				3E818E392091D27600AFDC8E /* Base */,
			);
			name = LaunchScreen.storyboard;
			sourceTree = "<group>";
		};
/* End PBXVariantGroup section */

/* Begin XCBuildConfiguration section */
		3E818E542091D27600AFDC8E /* Debug */ = {
			isa = XCBuildConfiguration;
			buildSettings = {
				ALWAYS_SEARCH_USER_PATHS = NO;
				CLANG_ANALYZER_NONNULL = YES;
				CLANG_ANALYZER_NUMBER_OBJECT_CONVERSION = YES_AGGRESSIVE;
				CLANG_CXX_LANGUAGE_STANDARD = "gnu++14";
				CLANG_CXX_LIBRARY = "libc++";
				CLANG_ENABLE_MODULES = YES;
				CLANG_ENABLE_OBJC_ARC = YES;
				CLANG_ENABLE_OBJC_WEAK = YES;
				CLANG_WARN_BLOCK_CAPTURE_AUTORELEASING = YES;
				CLANG_WARN_BOOL_CONVERSION = YES;
				CLANG_WARN_COMMA = YES;
				CLANG_WARN_CONSTANT_CONVERSION = YES;
				CLANG_WARN_DEPRECATED_OBJC_IMPLEMENTATIONS = YES;
				CLANG_WARN_DIRECT_OBJC_ISA_USAGE = YES_ERROR;
				CLANG_WARN_DOCUMENTATION_COMMENTS = YES;
				CLANG_WARN_EMPTY_BODY = YES;
				CLANG_WARN_ENUM_CONVERSION = YES;
				CLANG_WARN_INFINITE_RECURSION = YES;
				CLANG_WARN_INT_CONVERSION = YES;
				CLANG_WARN_NON_LITERAL_NULL_CONVERSION = YES;
				CLANG_WARN_OBJC_IMPLICIT_RETAIN_SELF = YES;
				CLANG_WARN_OBJC_LITERAL_CONVERSION = YES;
				CLANG_WARN_OBJC_ROOT_CLASS = YES_ERROR;
				CLANG_WARN_RANGE_LOOP_ANALYSIS = YES;
				CLANG_WARN_STRICT_PROTOTYPES = YES;
				CLANG_WARN_SUSPICIOUS_MOVE = YES;
				CLANG_WARN_UNGUARDED_AVAILABILITY = YES_AGGRESSIVE;
				CLANG_WARN_UNREACHABLE_CODE = YES;
				CLANG_WARN__DUPLICATE_METHOD_MATCH = YES;
				CODE_SIGN_IDENTITY = "iPhone Developer";
				COPY_PHASE_STRIP = NO;
				DEBUG_INFORMATION_FORMAT = dwarf;
				ENABLE_STRICT_OBJC_MSGSEND = YES;
				ENABLE_TESTABILITY = YES;
				GCC_C_LANGUAGE_STANDARD = gnu11;
				GCC_DYNAMIC_NO_PIC = NO;
				GCC_NO_COMMON_BLOCKS = YES;
				GCC_OPTIMIZATION_LEVEL = 0;
				GCC_PREPROCESSOR_DEFINITIONS = (
					"DEBUG=1",
					"$(inherited)",
				);
				GCC_WARN_64_TO_32_BIT_CONVERSION = YES;
				GCC_WARN_ABOUT_RETURN_TYPE = YES_ERROR;
				GCC_WARN_UNDECLARED_SELECTOR = YES;
				GCC_WARN_UNINITIALIZED_AUTOS = YES_AGGRESSIVE;
				GCC_WARN_UNUSED_FUNCTION = YES;
				GCC_WARN_UNUSED_VARIABLE = YES;
				IPHONEOS_DEPLOYMENT_TARGET = 11.3;
				MTL_ENABLE_DEBUG_INFO = YES;
				ONLY_ACTIVE_ARCH = YES;
				SDKROOT = iphoneos;
			};
			name = Debug;
		};
		3E818E552091D27600AFDC8E /* Release */ = {
			isa = XCBuildConfiguration;
			buildSettings = {
				ALWAYS_SEARCH_USER_PATHS = NO;
				CLANG_ANALYZER_NONNULL = YES;
				CLANG_ANALYZER_NUMBER_OBJECT_CONVERSION = YES_AGGRESSIVE;
				CLANG_CXX_LANGUAGE_STANDARD = "gnu++14";
				CLANG_CXX_LIBRARY = "libc++";
				CLANG_ENABLE_MODULES = YES;
				CLANG_ENABLE_OBJC_ARC = YES;
				CLANG_ENABLE_OBJC_WEAK = YES;
				CLANG_WARN_BLOCK_CAPTURE_AUTORELEASING = YES;
				CLANG_WARN_BOOL_CONVERSION = YES;
				CLANG_WARN_COMMA = YES;
				CLANG_WARN_CONSTANT_CONVERSION = YES;
				CLANG_WARN_DEPRECATED_OBJC_IMPLEMENTATIONS = YES;
				CLANG_WARN_DIRECT_OBJC_ISA_USAGE = YES_ERROR;
				CLANG_WARN_DOCUMENTATION_COMMENTS = YES;
				CLANG_WARN_EMPTY_BODY = YES;
				CLANG_WARN_ENUM_CONVERSION = YES;
				CLANG_WARN_INFINITE_RECURSION = YES;
				CLANG_WARN_INT_CONVERSION = YES;
				CLANG_WARN_NON_LITERAL_NULL_CONVERSION = YES;
				CLANG_WARN_OBJC_IMPLICIT_RETAIN_SELF = YES;
				CLANG_WARN_OBJC_LITERAL_CONVERSION = YES;
				CLANG_WARN_OBJC_ROOT_CLASS = YES_ERROR;
				CLANG_WARN_RANGE_LOOP_ANALYSIS = YES;
				CLANG_WARN_STRICT_PROTOTYPES = YES;
				CLANG_WARN_SUSPICIOUS_MOVE = YES;
				CLANG_WARN_UNGUARDED_AVAILABILITY = YES_AGGRESSIVE;
				CLANG_WARN_UNREACHABLE_CODE = YES;
				CLANG_WARN__DUPLICATE_METHOD_MATCH = YES;
				CODE_SIGN_IDENTITY = "iPhone Developer";
				COPY_PHASE_STRIP = NO;
				DEBUG_INFORMATION_FORMAT = "dwarf-with-dsym";
				ENABLE_NS_ASSERTIONS = NO;
				ENABLE_STRICT_OBJC_MSGSEND = YES;
				GCC_C_LANGUAGE_STANDARD = gnu11;
				GCC_NO_COMMON_BLOCKS = YES;
				GCC_WARN_64_TO_32_BIT_CONVERSION = YES;
				GCC_WARN_ABOUT_RETURN_TYPE = YES_ERROR;
				GCC_WARN_UNDECLARED_SELECTOR = YES;
				GCC_WARN_UNINITIALIZED_AUTOS = YES_AGGRESSIVE;
				GCC_WARN_UNUSED_FUNCTION = YES;
				GCC_WARN_UNUSED_VARIABLE = YES;
				IPHONEOS_DEPLOYMENT_TARGET = 11.3;
				MTL_ENABLE_DEBUG_INFO = NO;
				SDKROOT = iphoneos;
				VALIDATE_PRODUCT = YES;
			};
			name = Release;
		};
		3E818E572091D27600AFDC8E /* Debug */ = {
			isa = XCBuildConfiguration;
			buildSettings = {
				ASSETCATALOG_COMPILER_APPICON_NAME = AppIcon;
				CODE_SIGN_STYLE = Automatic;
				DEVELOPMENT_TEAM = Z899C473MY;
				INFOPLIST_FILE = CGYJSBridgeDemo/Info.plist;
				LD_RUNPATH_SEARCH_PATHS = (
					"$(inherited)",
					"@executable_path/Frameworks",
				);
				PRODUCT_BUNDLE_IDENTIFIER = TonyYang.CGYJSBridgeDemo;
				PRODUCT_NAME = "$(TARGET_NAME)";
				TARGETED_DEVICE_FAMILY = "1,2";
			};
			name = Debug;
		};
		3E818E582091D27600AFDC8E /* Release */ = {
			isa = XCBuildConfiguration;
			buildSettings = {
				ASSETCATALOG_COMPILER_APPICON_NAME = AppIcon;
				CODE_SIGN_STYLE = Automatic;
				DEVELOPMENT_TEAM = Z899C473MY;
				INFOPLIST_FILE = CGYJSBridgeDemo/Info.plist;
				LD_RUNPATH_SEARCH_PATHS = (
					"$(inherited)",
					"@executable_path/Frameworks",
				);
				PRODUCT_BUNDLE_IDENTIFIER = TonyYang.CGYJSBridgeDemo;
				PRODUCT_NAME = "$(TARGET_NAME)";
				TARGETED_DEVICE_FAMILY = "1,2";
			};
			name = Release;
		};
		3E818E5A2091D27600AFDC8E /* Debug */ = {
			isa = XCBuildConfiguration;
			buildSettings = {
				BUNDLE_LOADER = "$(TEST_HOST)";
				CODE_SIGN_STYLE = Automatic;
				DEVELOPMENT_TEAM = Z899C473MY;
				INFOPLIST_FILE = CGYJSBridgeDemoTests/Info.plist;
				LD_RUNPATH_SEARCH_PATHS = (
					"$(inherited)",
					"@executable_path/Frameworks",
					"@loader_path/Frameworks",
				);
				PRODUCT_BUNDLE_IDENTIFIER = TonyYang.CGYJSBridgeDemoTests;
				PRODUCT_NAME = "$(TARGET_NAME)";
				TARGETED_DEVICE_FAMILY = "1,2";
				TEST_HOST = "$(BUILT_PRODUCTS_DIR)/CGYJSBridgeDemo.app/CGYJSBridgeDemo";
			};
			name = Debug;
		};
		3E818E5B2091D27600AFDC8E /* Release */ = {
			isa = XCBuildConfiguration;
			buildSettings = {
				BUNDLE_LOADER = "$(TEST_HOST)";
				CODE_SIGN_STYLE = Automatic;
				DEVELOPMENT_TEAM = Z899C473MY;
				INFOPLIST_FILE = CGYJSBridgeDemoTests/Info.plist;
				LD_RUNPATH_SEARCH_PATHS = (
					"$(inherited)",
					"@executable_path/Frameworks",
					"@loader_path/Frameworks",
				);
				PRODUCT_BUNDLE_IDENTIFIER = TonyYang.CGYJSBridgeDemoTests;
				PRODUCT_NAME = "$(TARGET_NAME)";
				TARGETED_DEVICE_FAMILY = "1,2";
				TEST_HOST = "$(BUILT_PRODUCTS_DIR)/CGYJSBridgeDemo.app/CGYJSBridgeDemo";
			};
			name = Release;
		};
		3E818E5D2091D27600AFDC8E /* Debug */ = {
			isa = XCBuildConfiguration;
			buildSettings = {
				CODE_SIGN_STYLE = Automatic;
				DEVELOPMENT_TEAM = Z899C473MY;
				INFOPLIST_FILE = CGYJSBridgeDemoUITests/Info.plist;
				LD_RUNPATH_SEARCH_PATHS = (
					"$(inherited)",
					"@executable_path/Frameworks",
					"@loader_path/Frameworks",
				);
				PRODUCT_BUNDLE_IDENTIFIER = TonyYang.CGYJSBridgeDemoUITests;
				PRODUCT_NAME = "$(TARGET_NAME)";
				TARGETED_DEVICE_FAMILY = "1,2";
				TEST_TARGET_NAME = CGYJSBridgeDemo;
			};
			name = Debug;
		};
		3E818E5E2091D27600AFDC8E /* Release */ = {
			isa = XCBuildConfiguration;
			buildSettings = {
				CODE_SIGN_STYLE = Automatic;
				DEVELOPMENT_TEAM = Z899C473MY;
				INFOPLIST_FILE = CGYJSBridgeDemoUITests/Info.plist;
				LD_RUNPATH_SEARCH_PATHS = (
					"$(inherited)",
					"@executable_path/Frameworks",
					"@loader_path/Frameworks",
				);
				PRODUCT_BUNDLE_IDENTIFIER = TonyYang.CGYJSBridgeDemoUITests;
				PRODUCT_NAME = "$(TARGET_NAME)";
				TARGETED_DEVICE_FAMILY = "1,2";
				TEST_TARGET_NAME = CGYJSBridgeDemo;
			};
			name = Release;
		};
/* End XCBuildConfiguration section */

/* Begin XCConfigurationList section */
		3E818E252091D27300AFDC8E /* Build configuration list for PBXProject "CGYJSBridgeDemo" */ = {
			isa = XCConfigurationList;
			buildConfigurations = (
				3E818E542091D27600AFDC8E /* Debug */,
				3E818E552091D27600AFDC8E /* Release */,
			);
			defaultConfigurationIsVisible = 0;
			defaultConfigurationName = Release;
		};
		3E818E562091D27600AFDC8E /* Build configuration list for PBXNativeTarget "CGYJSBridgeDemo" */ = {
			isa = XCConfigurationList;
			buildConfigurations = (
				3E818E572091D27600AFDC8E /* Debug */,
				3E818E582091D27600AFDC8E /* Release */,
			);
			defaultConfigurationIsVisible = 0;
			defaultConfigurationName = Release;
		};
		3E818E592091D27600AFDC8E /* Build configuration list for PBXNativeTarget "CGYJSBridgeDemoTests" */ = {
			isa = XCConfigurationList;
			buildConfigurations = (
				3E818E5A2091D27600AFDC8E /* Debug */,
				3E818E5B2091D27600AFDC8E /* Release */,
			);
			defaultConfigurationIsVisible = 0;
			defaultConfigurationName = Release;
		};
		3E818E5C2091D27600AFDC8E /* Build configuration list for PBXNativeTarget "CGYJSBridgeDemoUITests" */ = {
			isa = XCConfigurationList;
			buildConfigurations = (
				3E818E5D2091D27600AFDC8E /* Debug */,
				3E818E5E2091D27600AFDC8E /* Release */,
			);
			defaultConfigurationIsVisible = 0;
			defaultConfigurationName = Release;
		};
/* End XCConfigurationList section */
	};
	rootObject = 3E818E222091D27300AFDC8E /* Project object */;
}
